
Microsoft Visual Studio Solution File, Format Version 12.00
# Visual Studio Version 16
VisualStudioVersion = 16.0.30523.141
MinimumVisualStudioVersion = 10.0.40219.1
Project("{9A19103F-16F7-4668-BE54-9A1E7A4F7556}") = "MedicineProj", "MedicineProj\MedicineProj.csproj", "{5C8C4200-D4A6-4ACF-921E-EE69A32C422C}"
EndProject
Project("{FAE04EC0-301F-11D3-BF4B-00C04F79EFBC}") = "MedicineUnitTesting", "MedicineUnitTesting\MedicineUnitTesting.csproj", "{5EA78439-2C33-4FC4-BCC9-933345E258B8}"
EndProject
Global
	GlobalSection(SolutionConfigurationPlatforms) = preSolution
		Debug|Any CPU = Debug|Any CPU
		Release|Any CPU = Release|Any CPU
	EndGlobalSection
	GlobalSection(ProjectConfigurationPlatforms) = postSolution
		{5C8C4200-D4A6-4ACF-921E-EE69A32C422C}.Debug|Any CPU.ActiveCfg = Debug|Any CPU
		{5C8C4200-D4A6-4ACF-921E-EE69A32C422C}.Debug|Any CPU.Build.0 = Debug|Any CPU
		{5C8C4200-D4A6-4ACF-921E-EE69A32C422C}.Release|Any CPU.ActiveCfg = Release|Any CPU
		{5C8C4200-D4A6-4ACF-921E-EE69A32C422C}.Release|Any CPU.Build.0 = Release|Any CPU
		{5EA78439-2C33-4FC4-BCC9-933345E258B8}.Debug|Any CPU.ActiveCfg = Debug|Any CPU
		{5EA78439-2C33-4FC4-BCC9-933345E258B8}.Debug|Any CPU.Build.0 = Debug|Any CPU
		{5EA78439-2C33-4FC4-BCC9-933345E258B8}.Release|Any CPU.ActiveCfg = Release|Any CPU
		{5EA78439-2C33-4FC4-BCC9-933345E258B8}.Release|Any CPU.Build.0 = Release|Any CPU
	EndGlobalSection
	GlobalSection(SolutionProperties) = preSolution
		HideSolutionNode = FALSE
	EndGlobalSection
	GlobalSection(ExtensibilityGlobals) = postSolution
		SolutionGuid = {78725DA5-CD6E-4A74-8273-45A03C528A3A}
	EndGlobalSection
EndGlobal
